
Microsoft Visual Studio Solution File, Format Version 12.00
# Visual Studio Version 16
VisualStudioVersion = 16.0.31515.178
MinimumVisualStudioVersion = 10.0.40219.1
Project("{8BC9CEB8-8B4A-11D0-8D11-00A0C91BC942}") = "test3_7_26", "test3_7_26.vcxproj", "{79869620-8FCB-4492-B7B7-29171D7DCAF9}"
EndProject
Global
	GlobalSection(SolutionConfigurationPlatforms) = preSolution
		Debug|x64 = Debug|x64
		Debug|x86 = Debug|x86
		Release|x64 = Release|x64
		Release|x86 = Release|x86
	EndGlobalSection
	GlobalSection(ProjectConfigurationPlatforms) = postSolution
		{79869620-8FCB-4492-B7B7-29171D7DCAF9}.Debug|x64.ActiveCfg = Debug|x64
		{79869620-8FCB-4492-B7B7-29171D7DCAF9}.Debug|x64.Build.0 = Debug|x64
		{79869620-8FCB-4492-B7B7-29171D7DCAF9}.Debug|x86.ActiveCfg = Debug|Win32
		{79869620-8FCB-4492-B7B7-29171D7DCAF9}.Debug|x86.Build.0 = Debug|Win32
		{79869620-8FCB-4492-B7B7-29171D7DCAF9}.Release|x64.ActiveCfg = Release|x64
		{79869620-8FCB-4492-B7B7-29171D7DCAF9}.Release|x64.Build.0 = Release|x64
		{79869620-8FCB-4492-B7B7-29171D7DCAF9}.Release|x86.ActiveCfg = Release|Win32
		{79869620-8FCB-4492-B7B7-29171D7DCAF9}.Release|x86.Build.0 = Release|Win32
	EndGlobalSection
	GlobalSection(SolutionProperties) = preSolution
		HideSolutionNode = FALSE
	EndGlobalSection
	GlobalSection(ExtensibilityGlobals) = postSolution
		SolutionGuid = {E09307A0-C413-431F-845C-7F0F0FA0CFDB}
	EndGlobalSection
EndGlobal
